
Microsoft Visual Studio Solution File, Format Version 12.00
# Visual Studio Version 16
VisualStudioVersion = 16.0.30011.22
MinimumVisualStudioVersion = 10.0.40219.1
Project("{FAE04EC0-301F-11D3-BF4B-00C04F79EFBC}") = "MVC_2_Reg", "MVC_2_Reg\MVC_2_Reg.csproj", "{81574739-4F75-4A44-A488-F71AE36CF1E9}"
EndProject
Global
	GlobalSection(SolutionConfigurationPlatforms) = preSolution
		Debug|Any CPU = Debug|Any CPU
		Release|Any CPU = Release|Any CPU
	EndGlobalSection
	GlobalSection(ProjectConfigurationPlatforms) = postSolution
		{81574739-4F75-4A44-A488-F71AE36CF1E9}.Debug|Any CPU.ActiveCfg = Debug|Any CPU
		{81574739-4F75-4A44-A488-F71AE36CF1E9}.Debug|Any CPU.Build.0 = Debug|Any CPU
		{81574739-4F75-4A44-A488-F71AE36CF1E9}.Release|Any CPU.ActiveCfg = Release|Any CPU
		{81574739-4F75-4A44-A488-F71AE36CF1E9}.Release|Any CPU.Build.0 = Release|Any CPU
	EndGlobalSection
	GlobalSection(SolutionProperties) = preSolution
		HideSolutionNode = FALSE
	EndGlobalSection
	GlobalSection(ExtensibilityGlobals) = postSolution
		SolutionGuid = {DC3CE3C0-A63F-4067-850F-672C6060653B}
	EndGlobalSection
EndGlobal
