
Microsoft Visual Studio Solution File, Format Version 12.00
# Visual Studio Version 16
VisualStudioVersion = 16.0.30011.22
MinimumVisualStudioVersion = 10.0.40219.1
Project("{FAE04EC0-301F-11D3-BF4B-00C04F79EFBC}") = "WebApplication2", "WebApplication2\WebApplication2.csproj", "{6A5A7A32-F013-43C3-B7F5-65EFB8A7A248}"
EndProject
Global
	GlobalSection(SolutionConfigurationPlatforms) = preSolution
		Debug|Any CPU = Debug|Any CPU
		Release|Any CPU = Release|Any CPU
	EndGlobalSection
	GlobalSection(ProjectConfigurationPlatforms) = postSolution
		{6A5A7A32-F013-43C3-B7F5-65EFB8A7A248}.Debug|Any CPU.ActiveCfg = Debug|Any CPU
		{6A5A7A32-F013-43C3-B7F5-65EFB8A7A248}.Debug|Any CPU.Build.0 = Debug|Any CPU
		{6A5A7A32-F013-43C3-B7F5-65EFB8A7A248}.Release|Any CPU.ActiveCfg = Release|Any CPU
		{6A5A7A32-F013-43C3-B7F5-65EFB8A7A248}.Release|Any CPU.Build.0 = Release|Any CPU
	EndGlobalSection
	GlobalSection(SolutionProperties) = preSolution
		HideSolutionNode = FALSE
	EndGlobalSection
	GlobalSection(ExtensibilityGlobals) = postSolution
		SolutionGuid = {2B22588C-0558-4DF9-BB13-FEF1B12F30CF}
	EndGlobalSection
EndGlobal
