
Microsoft Visual Studio Solution File, Format Version 12.00
# Visual Studio Version 16
VisualStudioVersion = 16.0.30011.22
MinimumVisualStudioVersion = 10.0.40219.1
Project("{FAE04EC0-301F-11D3-BF4B-00C04F79EFBC}") = "MVC_EntityFramework", "MVC_EntityFramework\MVC_EntityFramework.csproj", "{3356A51B-F720-4269-9D02-5A93C9890BFC}"
EndProject
Global
	GlobalSection(SolutionConfigurationPlatforms) = preSolution
		Debug|Any CPU = Debug|Any CPU
		Release|Any CPU = Release|Any CPU
	EndGlobalSection
	GlobalSection(ProjectConfigurationPlatforms) = postSolution
		{3356A51B-F720-4269-9D02-5A93C9890BFC}.Debug|Any CPU.ActiveCfg = Debug|Any CPU
		{3356A51B-F720-4269-9D02-5A93C9890BFC}.Debug|Any CPU.Build.0 = Debug|Any CPU
		{3356A51B-F720-4269-9D02-5A93C9890BFC}.Release|Any CPU.ActiveCfg = Release|Any CPU
		{3356A51B-F720-4269-9D02-5A93C9890BFC}.Release|Any CPU.Build.0 = Release|Any CPU
	EndGlobalSection
	GlobalSection(SolutionProperties) = preSolution
		HideSolutionNode = FALSE
	EndGlobalSection
	GlobalSection(ExtensibilityGlobals) = postSolution
		SolutionGuid = {8E899560-47F8-4677-9EE0-917126E6BF49}
	EndGlobalSection
EndGlobal
