
Microsoft Visual Studio Solution File, Format Version 12.00
# Visual Studio Version 16
VisualStudioVersion = 16.0.29806.167
MinimumVisualStudioVersion = 10.0.40219.1
Project("{FAE04EC0-301F-11D3-BF4B-00C04F79EFBC}") = "exam5_dist2points", "exam5_dist2points\exam5_dist2points.csproj", "{6E6E1CF6-AF10-4566-9FE2-3D06AB4F177F}"
EndProject
Global
	GlobalSection(SolutionConfigurationPlatforms) = preSolution
		Debug|Any CPU = Debug|Any CPU
		Release|Any CPU = Release|Any CPU
	EndGlobalSection
	GlobalSection(ProjectConfigurationPlatforms) = postSolution
		{6E6E1CF6-AF10-4566-9FE2-3D06AB4F177F}.Debug|Any CPU.ActiveCfg = Debug|Any CPU
		{6E6E1CF6-AF10-4566-9FE2-3D06AB4F177F}.Debug|Any CPU.Build.0 = Debug|Any CPU
		{6E6E1CF6-AF10-4566-9FE2-3D06AB4F177F}.Release|Any CPU.ActiveCfg = Release|Any CPU
		{6E6E1CF6-AF10-4566-9FE2-3D06AB4F177F}.Release|Any CPU.Build.0 = Release|Any CPU
	EndGlobalSection
	GlobalSection(SolutionProperties) = preSolution
		HideSolutionNode = FALSE
	EndGlobalSection
	GlobalSection(ExtensibilityGlobals) = postSolution
		SolutionGuid = {58D8F09B-9691-48D3-850F-70412642DE2B}
	EndGlobalSection
EndGlobal
