
Microsoft Visual Studio Solution File, Format Version 12.00
# Visual Studio Version 16
VisualStudioVersion = 16.0.29806.167
MinimumVisualStudioVersion = 10.0.40219.1
Project("{FAE04EC0-301F-11D3-BF4B-00C04F79EFBC}") = "assRoshansir_4_3", "assRoshansir_4_3\assRoshansir_4_3.csproj", "{861E2FF0-65A4-4558-976E-58AC91A7071D}"
EndProject
Global
	GlobalSection(SolutionConfigurationPlatforms) = preSolution
		Debug|Any CPU = Debug|Any CPU
		Release|Any CPU = Release|Any CPU
	EndGlobalSection
	GlobalSection(ProjectConfigurationPlatforms) = postSolution
		{861E2FF0-65A4-4558-976E-58AC91A7071D}.Debug|Any CPU.ActiveCfg = Debug|Any CPU
		{861E2FF0-65A4-4558-976E-58AC91A7071D}.Debug|Any CPU.Build.0 = Debug|Any CPU
		{861E2FF0-65A4-4558-976E-58AC91A7071D}.Release|Any CPU.ActiveCfg = Release|Any CPU
		{861E2FF0-65A4-4558-976E-58AC91A7071D}.Release|Any CPU.Build.0 = Release|Any CPU
	EndGlobalSection
	GlobalSection(SolutionProperties) = preSolution
		HideSolutionNode = FALSE
	EndGlobalSection
	GlobalSection(ExtensibilityGlobals) = postSolution
		SolutionGuid = {9AC58D1A-C7F6-4C91-BAF1-4F357A7E70C6}
	EndGlobalSection
EndGlobal
