
Microsoft Visual Studio Solution File, Format Version 12.00
# Visual Studio Version 16
VisualStudioVersion = 16.0.30011.22
MinimumVisualStudioVersion = 10.0.40219.1
Project("{FAE04EC0-301F-11D3-BF4B-00C04F79EFBC}") = "ConsoleApp1", "ConsoleApp1\ConsoleApp1.csproj", "{DD3877BE-DB84-46F1-810B-7998B527EA1B}"
EndProject
Global
	GlobalSection(SolutionConfigurationPlatforms) = preSolution
		Debug|Any CPU = Debug|Any CPU
		Release|Any CPU = Release|Any CPU
	EndGlobalSection
	GlobalSection(ProjectConfigurationPlatforms) = postSolution
		{DD3877BE-DB84-46F1-810B-7998B527EA1B}.Debug|Any CPU.ActiveCfg = Debug|Any CPU
		{DD3877BE-DB84-46F1-810B-7998B527EA1B}.Debug|Any CPU.Build.0 = Debug|Any CPU
		{DD3877BE-DB84-46F1-810B-7998B527EA1B}.Release|Any CPU.ActiveCfg = Release|Any CPU
		{DD3877BE-DB84-46F1-810B-7998B527EA1B}.Release|Any CPU.Build.0 = Release|Any CPU
	EndGlobalSection
	GlobalSection(SolutionProperties) = preSolution
		HideSolutionNode = FALSE
	EndGlobalSection
	GlobalSection(ExtensibilityGlobals) = postSolution
		SolutionGuid = {DA559FFF-21B2-44B3-812E-CE221C038D82}
	EndGlobalSection
EndGlobal
