
Microsoft Visual Studio Solution File, Format Version 12.00
# Visual Studio Version 16
VisualStudioVersion = 16.0.29806.167
MinimumVisualStudioVersion = 10.0.40219.1
Project("{FAE04EC0-301F-11D3-BF4B-00C04F79EFBC}") = "exam3_maxno", "exam3_maxno\exam3_maxno.csproj", "{5174D2CE-7B70-4683-B284-270C9A91D2BF}"
EndProject
Global
	GlobalSection(SolutionConfigurationPlatforms) = preSolution
		Debug|Any CPU = Debug|Any CPU
		Release|Any CPU = Release|Any CPU
	EndGlobalSection
	GlobalSection(ProjectConfigurationPlatforms) = postSolution
		{5174D2CE-7B70-4683-B284-270C9A91D2BF}.Debug|Any CPU.ActiveCfg = Debug|Any CPU
		{5174D2CE-7B70-4683-B284-270C9A91D2BF}.Debug|Any CPU.Build.0 = Debug|Any CPU
		{5174D2CE-7B70-4683-B284-270C9A91D2BF}.Release|Any CPU.ActiveCfg = Release|Any CPU
		{5174D2CE-7B70-4683-B284-270C9A91D2BF}.Release|Any CPU.Build.0 = Release|Any CPU
	EndGlobalSection
	GlobalSection(SolutionProperties) = preSolution
		HideSolutionNode = FALSE
	EndGlobalSection
	GlobalSection(ExtensibilityGlobals) = postSolution
		SolutionGuid = {014235BD-A582-4621-AC80-2F9999B17F12}
	EndGlobalSection
EndGlobal
