
Microsoft Visual Studio Solution File, Format Version 12.00
# Visual Studio Version 16
VisualStudioVersion = 16.0.30011.22
MinimumVisualStudioVersion = 10.0.40219.1
Project("{FAE04EC0-301F-11D3-BF4B-00C04F79EFBC}") = "MachineTest28sept", "MachineTest28sept\MachineTest28sept.csproj", "{3710563B-006E-4CF4-BE90-6746610AD83B}"
EndProject
Global
	GlobalSection(SolutionConfigurationPlatforms) = preSolution
		Debug|Any CPU = Debug|Any CPU
		Release|Any CPU = Release|Any CPU
	EndGlobalSection
	GlobalSection(ProjectConfigurationPlatforms) = postSolution
		{3710563B-006E-4CF4-BE90-6746610AD83B}.Debug|Any CPU.ActiveCfg = Debug|Any CPU
		{3710563B-006E-4CF4-BE90-6746610AD83B}.Debug|Any CPU.Build.0 = Debug|Any CPU
		{3710563B-006E-4CF4-BE90-6746610AD83B}.Release|Any CPU.ActiveCfg = Release|Any CPU
		{3710563B-006E-4CF4-BE90-6746610AD83B}.Release|Any CPU.Build.0 = Release|Any CPU
	EndGlobalSection
	GlobalSection(SolutionProperties) = preSolution
		HideSolutionNode = FALSE
	EndGlobalSection
	GlobalSection(ExtensibilityGlobals) = postSolution
		SolutionGuid = {E7D554C7-456F-4B1B-A239-DDB3B402D415}
	EndGlobalSection
EndGlobal
