
Microsoft Visual Studio Solution File, Format Version 12.00
# Visual Studio Version 16
VisualStudioVersion = 16.0.30011.22
MinimumVisualStudioVersion = 10.0.40219.1
Project("{FAE04EC0-301F-11D3-BF4B-00C04F79EFBC}") = "Registrationform3_practice", "Registrationform3_practice\Registrationform3_practice.csproj", "{05257F3F-02A0-454B-BDE7-0FC7E39AABE8}"
EndProject
Global
	GlobalSection(SolutionConfigurationPlatforms) = preSolution
		Debug|Any CPU = Debug|Any CPU
		Release|Any CPU = Release|Any CPU
	EndGlobalSection
	GlobalSection(ProjectConfigurationPlatforms) = postSolution
		{05257F3F-02A0-454B-BDE7-0FC7E39AABE8}.Debug|Any CPU.ActiveCfg = Debug|Any CPU
		{05257F3F-02A0-454B-BDE7-0FC7E39AABE8}.Debug|Any CPU.Build.0 = Debug|Any CPU
		{05257F3F-02A0-454B-BDE7-0FC7E39AABE8}.Release|Any CPU.ActiveCfg = Release|Any CPU
		{05257F3F-02A0-454B-BDE7-0FC7E39AABE8}.Release|Any CPU.Build.0 = Release|Any CPU
	EndGlobalSection
	GlobalSection(SolutionProperties) = preSolution
		HideSolutionNode = FALSE
	EndGlobalSection
	GlobalSection(ExtensibilityGlobals) = postSolution
		SolutionGuid = {1AF0AEAF-9BF2-47A6-8FEE-341E57089729}
	EndGlobalSection
EndGlobal
