
Microsoft Visual Studio Solution File, Format Version 12.00
# Visual Studio Version 16
VisualStudioVersion = 16.0.30011.22
MinimumVisualStudioVersion = 10.0.40219.1
Project("{FAE04EC0-301F-11D3-BF4B-00C04F79EFBC}") = "Practice2", "Practice2\Practice2.csproj", "{74A71C79-2054-41C4-88DA-B8351562D2A1}"
EndProject
Global
	GlobalSection(SolutionConfigurationPlatforms) = preSolution
		Debug|Any CPU = Debug|Any CPU
		Release|Any CPU = Release|Any CPU
	EndGlobalSection
	GlobalSection(ProjectConfigurationPlatforms) = postSolution
		{74A71C79-2054-41C4-88DA-B8351562D2A1}.Debug|Any CPU.ActiveCfg = Debug|Any CPU
		{74A71C79-2054-41C4-88DA-B8351562D2A1}.Debug|Any CPU.Build.0 = Debug|Any CPU
		{74A71C79-2054-41C4-88DA-B8351562D2A1}.Release|Any CPU.ActiveCfg = Release|Any CPU
		{74A71C79-2054-41C4-88DA-B8351562D2A1}.Release|Any CPU.Build.0 = Release|Any CPU
	EndGlobalSection
	GlobalSection(SolutionProperties) = preSolution
		HideSolutionNode = FALSE
	EndGlobalSection
	GlobalSection(ExtensibilityGlobals) = postSolution
		SolutionGuid = {8A534862-2BB7-4EEB-8823-622D6D3A1C46}
	EndGlobalSection
EndGlobal
