
Microsoft Visual Studio Solution File, Format Version 12.00
# Visual Studio Version 16
VisualStudioVersion = 16.0.29806.167
MinimumVisualStudioVersion = 10.0.40219.1
Project("{FAE04EC0-301F-11D3-BF4B-00C04F79EFBC}") = "Rediobuttonbank", "Rediobuttonbank\Rediobuttonbank.csproj", "{DA39F02F-0CAA-4DAC-B177-284C34C81A08}"
EndProject
Global
	GlobalSection(SolutionConfigurationPlatforms) = preSolution
		Debug|Any CPU = Debug|Any CPU
		Release|Any CPU = Release|Any CPU
	EndGlobalSection
	GlobalSection(ProjectConfigurationPlatforms) = postSolution
		{DA39F02F-0CAA-4DAC-B177-284C34C81A08}.Debug|Any CPU.ActiveCfg = Debug|Any CPU
		{DA39F02F-0CAA-4DAC-B177-284C34C81A08}.Debug|Any CPU.Build.0 = Debug|Any CPU
		{DA39F02F-0CAA-4DAC-B177-284C34C81A08}.Release|Any CPU.ActiveCfg = Release|Any CPU
		{DA39F02F-0CAA-4DAC-B177-284C34C81A08}.Release|Any CPU.Build.0 = Release|Any CPU
	EndGlobalSection
	GlobalSection(SolutionProperties) = preSolution
		HideSolutionNode = FALSE
	EndGlobalSection
	GlobalSection(ExtensibilityGlobals) = postSolution
		SolutionGuid = {E629A7A6-11C7-4EE1-9FFF-541768F23692}
	EndGlobalSection
EndGlobal
